// !$*UTF8*$!
{
	archiveVersion = 1;
	classes = {
	};
	objectVersion = 50;
	objects = {

/* Begin PBXBuildFile section */
		1C0493FC227F80B4005D0ABD /* RainEmitter.swift in Sources */ = {isa = PBXBuildFile; fileRef = 1C0493FB227F80B4005D0ABD /* RainEmitter.swift */; };
		1C0493FE227FF041005D0ABD /* AboutViewController.swift in Sources */ = {isa = PBXBuildFile; fileRef = 1C0493FD227FF041005D0ABD /* AboutViewController.swift */; };
		1C049400228C59EB005D0ABD /* CircularButton.swift in Sources */ = {isa = PBXBuildFile; fileRef = 1C0493FF228C59EB005D0ABD /* CircularButton.swift */; };
		1C049402228D6504005D0ABD /* AlertStoryboard.storyboard in Resources */ = {isa = PBXBuildFile; fileRef = 1C049401228D6504005D0ABD /* AlertStoryboard.storyboard */; };
		1C049404228D6533005D0ABD /* AlertViewController.swift in Sources */ = {isa = PBXBuildFile; fileRef = 1C049403228D6533005D0ABD /* AlertViewController.swift */; };
		1C049406228D690C005D0ABD /* PulsingBarButtonItem.swift in Sources */ = {isa = PBXBuildFile; fileRef = 1C049405228D690C005D0ABD /* PulsingBarButtonItem.swift */; };
		1C14E437226534D700EB14C1 /* BanknoteViewController.swift in Sources */ = {isa = PBXBuildFile; fileRef = 1C14E436226534D700EB14C1 /* BanknoteViewController.swift */; };
		1C69F9B4226392DD00ECD4DF /* Media.xcassets in Resources */ = {isa = PBXBuildFile; fileRef = 1C69F9B3226392DD00ECD4DF /* Media.xcassets */; };
		1C69F9B62263970A00ECD4DF /* Cash_Currency.ttf in Resources */ = {isa = PBXBuildFile; fileRef = 1C69F9B5226396D100ECD4DF /* Cash_Currency.ttf */; };
		1C69F9B82264D28C00ECD4DF /* CashTextField.swift in Sources */ = {isa = PBXBuildFile; fileRef = 1C69F9B72264D28C00ECD4DF /* CashTextField.swift */; };
		1C78A962226247A000436085 /* AppDelegate.swift in Sources */ = {isa = PBXBuildFile; fileRef = 1C78A961226247A000436085 /* AppDelegate.swift */; };
		1C78A964226247A000436085 /* SelectionViewController.swift in Sources */ = {isa = PBXBuildFile; fileRef = 1C78A963226247A000436085 /* SelectionViewController.swift */; };
		1C78A969226247A200436085 /* Dollar.xcassets in Resources */ = {isa = PBXBuildFile; fileRef = 1C78A968226247A200436085 /* Dollar.xcassets */; };
		1C78A96C226247A200436085 /* LaunchScreen.storyboard in Resources */ = {isa = PBXBuildFile; fileRef = 1C78A96A226247A200436085 /* LaunchScreen.storyboard */; };
		1C78A99422627B4F00436085 /* Extensions.swift in Sources */ = {isa = PBXBuildFile; fileRef = 1C78A99322627B4F00436085 /* Extensions.swift */; };
		1C78A9992262A04A00436085 /* Euro.xcassets in Resources */ = {isa = PBXBuildFile; fileRef = 1C78A9982262A04A00436085 /* Euro.xcassets */; };
		1CAA740822B571E700DFAFF3 /* RecordButton.swift in Sources */ = {isa = PBXBuildFile; fileRef = 1CAA740722B571E600DFAFF3 /* RecordButton.swift */; };
		1CAA740A22B5AAA100DFAFF3 /* ShareVideoViewController.swift in Sources */ = {isa = PBXBuildFile; fileRef = 1CAA740922B5AAA100DFAFF3 /* ShareVideoViewController.swift */; };
		1CC4E46A226575430084F229 /* BanknoteCell.swift in Sources */ = {isa = PBXBuildFile; fileRef = 1CC4E469226575430084F229 /* BanknoteCell.swift */; };
		1CC4E46C22669D320084F229 /* Pound.xcassets in Resources */ = {isa = PBXBuildFile; fileRef = 1CC4E46B22669D320084F229 /* Pound.xcassets */; };
		1CC4E46E2266A4EC0084F229 /* Currency.swift in Sources */ = {isa = PBXBuildFile; fileRef = 1CC4E46D2266A4EC0084F229 /* Currency.swift */; };
		1CC4E472226A310D0084F229 /* Money_Money.ttf in Resources */ = {isa = PBXBuildFile; fileRef = 1CC4E471226A307A0084F229 /* Money_Money.ttf */; };
		1CC4E479226A399B0084F229 /* Yuan.xcassets in Resources */ = {isa = PBXBuildFile; fileRef = 1CC4E478226A399B0084F229 /* Yuan.xcassets */; };
		1CC4E47B226AA2BC0084F229 /* NewCurrencyViewController.swift in Sources */ = {isa = PBXBuildFile; fileRef = 1CC4E47A226AA2BC0084F229 /* NewCurrencyViewController.swift */; };
		1CC4E47E226E1D4D0084F229 /* ARViewController.swift in Sources */ = {isa = PBXBuildFile; fileRef = 1CC4E47D226E1D4D0084F229 /* ARViewController.swift */; };
		1CC4E4802270CA480084F229 /* ImageValueTableViewCell.swift in Sources */ = {isa = PBXBuildFile; fileRef = 1CC4E47F2270CA480084F229 /* ImageValueTableViewCell.swift */; };
		1CC4E48222738C2D0084F229 /* Montserrat-Medium.ttf in Resources */ = {isa = PBXBuildFile; fileRef = 1CC4E48122738C260084F229 /* Montserrat-Medium.ttf */; };
		1CC4E48422738E170084F229 /* ActionButton.swift in Sources */ = {isa = PBXBuildFile; fileRef = 1CC4E48322738E170084F229 /* ActionButton.swift */; };
		1CC4E486227527D80084F229 /* TagTapGestureRecognizer.swift in Sources */ = {isa = PBXBuildFile; fileRef = 1CC4E485227527D80084F229 /* TagTapGestureRecognizer.swift */; };
		1CC4E4882277793F0084F229 /* SideMenuTableViewController.swift in Sources */ = {isa = PBXBuildFile; fileRef = 1CC4E4872277793F0084F229 /* SideMenuTableViewController.swift */; };
		1CC8C1DA227799EE0058C6F6 /* MyCurrenciesTableViewController.swift in Sources */ = {isa = PBXBuildFile; fileRef = 1CC8C1D9227799EE0058C6F6 /* MyCurrenciesTableViewController.swift */; };
		1CC8C1DC22779A600058C6F6 /* MyCurrencyTableViewCell.swift in Sources */ = {isa = PBXBuildFile; fileRef = 1CC8C1DB22779A600058C6F6 /* MyCurrencyTableViewCell.swift */; };
		1CC92AD022D91B1B00C309FD /* Main.storyboard in Resources */ = {isa = PBXBuildFile; fileRef = 1CC92ACF22D91B1B00C309FD /* Main.storyboard */; };
		AE12A248487D9647159F13F0 /* Pods_Make_It_Rain.framework in Frameworks */ = {isa = PBXBuildFile; fileRef = 0E45BAA6199BF452D4C87BA2 /* Pods_Make_It_Rain.framework */; };
/* End PBXBuildFile section */

/* Begin PBXFileReference section */
		0E45BAA6199BF452D4C87BA2 /* Pods_Make_It_Rain.framework */ = {isa = PBXFileReference; explicitFileType = wrapper.framework; includeInIndex = 0; path = Pods_Make_It_Rain.framework; sourceTree = BUILT_PRODUCTS_DIR; };
		1C0493FB227F80B4005D0ABD /* RainEmitter.swift */ = {isa = PBXFileReference; lastKnownFileType = sourcecode.swift; path = RainEmitter.swift; sourceTree = "<group>"; };
		1C0493FD227FF041005D0ABD /* AboutViewController.swift */ = {isa = PBXFileReference; lastKnownFileType = sourcecode.swift; path = AboutViewController.swift; sourceTree = "<group>"; };
		1C0493FF228C59EB005D0ABD /* CircularButton.swift */ = {isa = PBXFileReference; lastKnownFileType = sourcecode.swift; path = CircularButton.swift; sourceTree = "<group>"; };
		1C049401228D6504005D0ABD /* AlertStoryboard.storyboard */ = {isa = PBXFileReference; lastKnownFileType = file.storyboard; path = AlertStoryboard.storyboard; sourceTree = "<group>"; };
		1C049403228D6533005D0ABD /* AlertViewController.swift */ = {isa = PBXFileReference; lastKnownFileType = sourcecode.swift; path = AlertViewController.swift; sourceTree = "<group>"; };
		1C049405228D690C005D0ABD /* PulsingBarButtonItem.swift */ = {isa = PBXFileReference; lastKnownFileType = sourcecode.swift; path = PulsingBarButtonItem.swift; sourceTree = "<group>"; };
		1C14E436226534D700EB14C1 /* BanknoteViewController.swift */ = {isa = PBXFileReference; lastKnownFileType = sourcecode.swift; path = BanknoteViewController.swift; sourceTree = "<group>"; };
		1C69F9B3226392DD00ECD4DF /* Media.xcassets */ = {isa = PBXFileReference; lastKnownFileType = folder.assetcatalog; path = Media.xcassets; sourceTree = "<group>"; };
		1C69F9B5226396D100ECD4DF /* Cash_Currency.ttf */ = {isa = PBXFileReference; lastKnownFileType = file; path = Cash_Currency.ttf; sourceTree = "<group>"; };
		1C69F9B72264D28C00ECD4DF /* CashTextField.swift */ = {isa = PBXFileReference; lastKnownFileType = sourcecode.swift; path = CashTextField.swift; sourceTree = "<group>"; };
		1C78A95E226247A000436085 /* Make It Rain.app */ = {isa = PBXFileReference; explicitFileType = wrapper.application; includeInIndex = 0; path = "Make It Rain.app"; sourceTree = BUILT_PRODUCTS_DIR; };
		1C78A961226247A000436085 /* AppDelegate.swift */ = {isa = PBXFileReference; lastKnownFileType = sourcecode.swift; path = AppDelegate.swift; sourceTree = "<group>"; };
		1C78A963226247A000436085 /* SelectionViewController.swift */ = {isa = PBXFileReference; lastKnownFileType = sourcecode.swift; path = SelectionViewController.swift; sourceTree = "<group>"; };
		1C78A968226247A200436085 /* Dollar.xcassets */ = {isa = PBXFileReference; lastKnownFileType = folder.assetcatalog; path = Dollar.xcassets; sourceTree = "<group>"; };
		1C78A96B226247A200436085 /* Base */ = {isa = PBXFileReference; lastKnownFileType = file.storyboard; name = Base; path = Base.lproj/LaunchScreen.storyboard; sourceTree = "<group>"; };
		1C78A96D226247A200436085 /* Info.plist */ = {isa = PBXFileReference; lastKnownFileType = text.plist.xml; path = Info.plist; sourceTree = "<group>"; };
		1C78A99322627B4F00436085 /* Extensions.swift */ = {isa = PBXFileReference; lastKnownFileType = sourcecode.swift; path = Extensions.swift; sourceTree = "<group>"; };
		1C78A9982262A04A00436085 /* Euro.xcassets */ = {isa = PBXFileReference; lastKnownFileType = folder.assetcatalog; path = Euro.xcassets; sourceTree = "<group>"; };
		1CAA740722B571E600DFAFF3 /* RecordButton.swift */ = {isa = PBXFileReference; lastKnownFileType = sourcecode.swift; name = RecordButton.swift; path = "Make It Rain/Custom Subclasses/RecordButton.swift"; sourceTree = SOURCE_ROOT; };
		1CAA740922B5AAA100DFAFF3 /* ShareVideoViewController.swift */ = {isa = PBXFileReference; lastKnownFileType = sourcecode.swift; path = ShareVideoViewController.swift; sourceTree = "<group>"; };
		1CC4E469226575430084F229 /* BanknoteCell.swift */ = {isa = PBXFileReference; lastKnownFileType = sourcecode.swift; path = BanknoteCell.swift; sourceTree = "<group>"; };
		1CC4E46B22669D320084F229 /* Pound.xcassets */ = {isa = PBXFileReference; lastKnownFileType = folder.assetcatalog; path = Pound.xcassets; sourceTree = "<group>"; };
		1CC4E46D2266A4EC0084F229 /* Currency.swift */ = {isa = PBXFileReference; lastKnownFileType = sourcecode.swift; path = Currency.swift; sourceTree = "<group>"; };
		1CC4E471226A307A0084F229 /* Money_Money.ttf */ = {isa = PBXFileReference; lastKnownFileType = file; path = Money_Money.ttf; sourceTree = "<group>"; };
		1CC4E478226A399B0084F229 /* Yuan.xcassets */ = {isa = PBXFileReference; lastKnownFileType = folder.assetcatalog; path = Yuan.xcassets; sourceTree = "<group>"; };
		1CC4E47A226AA2BC0084F229 /* NewCurrencyViewController.swift */ = {isa = PBXFileReference; lastKnownFileType = sourcecode.swift; path = NewCurrencyViewController.swift; sourceTree = "<group>"; };
		1CC4E47D226E1D4D0084F229 /* ARViewController.swift */ = {isa = PBXFileReference; lastKnownFileType = sourcecode.swift; path = ARViewController.swift; sourceTree = "<group>"; };
		1CC4E47F2270CA480084F229 /* ImageValueTableViewCell.swift */ = {isa = PBXFileReference; lastKnownFileType = sourcecode.swift; path = ImageValueTableViewCell.swift; sourceTree = "<group>"; };
		1CC4E48122738C260084F229 /* Montserrat-Medium.ttf */ = {isa = PBXFileReference; lastKnownFileType = file; path = "Montserrat-Medium.ttf"; sourceTree = "<group>"; };
		1CC4E48322738E170084F229 /* ActionButton.swift */ = {isa = PBXFileReference; lastKnownFileType = sourcecode.swift; path = ActionButton.swift; sourceTree = "<group>"; };
		1CC4E485227527D80084F229 /* TagTapGestureRecognizer.swift */ = {isa = PBXFileReference; lastKnownFileType = sourcecode.swift; path = TagTapGestureRecognizer.swift; sourceTree = "<group>"; };
		1CC4E4872277793F0084F229 /* SideMenuTableViewController.swift */ = {isa = PBXFileReference; lastKnownFileType = sourcecode.swift; path = SideMenuTableViewController.swift; sourceTree = "<group>"; };
		1CC8C1D9227799EE0058C6F6 /* MyCurrenciesTableViewController.swift */ = {isa = PBXFileReference; lastKnownFileType = sourcecode.swift; path = MyCurrenciesTableViewController.swift; sourceTree = "<group>"; };
		1CC8C1DB22779A600058C6F6 /* MyCurrencyTableViewCell.swift */ = {isa = PBXFileReference; lastKnownFileType = sourcecode.swift; path = MyCurrencyTableViewCell.swift; sourceTree = "<group>"; };
		1CC92ACF22D91B1B00C309FD /* Main.storyboard */ = {isa = PBXFileReference; fileEncoding = 4; lastKnownFileType = file.storyboard; path = Main.storyboard; sourceTree = "<group>"; };
		86938FFEBBF3207770E3A81A /* Pods-Make It Rain.release.xcconfig */ = {isa = PBXFileReference; includeInIndex = 1; lastKnownFileType = text.xcconfig; name = "Pods-Make It Rain.release.xcconfig"; path = "Target Support Files/Pods-Make It Rain/Pods-Make It Rain.release.xcconfig"; sourceTree = "<group>"; };
		B887E342C55E0B7E05D57DEE /* Pods-Make It Rain.debug.xcconfig */ = {isa = PBXFileReference; includeInIndex = 1; lastKnownFileType = text.xcconfig; name = "Pods-Make It Rain.debug.xcconfig"; path = "Target Support Files/Pods-Make It Rain/Pods-Make It Rain.debug.xcconfig"; sourceTree = "<group>"; };
/* End PBXFileReference section */

/* Begin PBXFrameworksBuildPhase section */
		1C78A95B226247A000436085 /* Frameworks */ = {
			isa = PBXFrameworksBuildPhase;
			buildActionMask = 2147483647;
			files = (
				AE12A248487D9647159F13F0 /* Pods_Make_It_Rain.framework in Frameworks */,
			);
			runOnlyForDeploymentPostprocessing = 0;
		};
/* End PBXFrameworksBuildPhase section */

/* Begin PBXGroup section */
		1C0493FA227F8099005D0ABD /* New Classes */ = {
			isa = PBXGroup;
			children = (
				1C0493FB227F80B4005D0ABD /* RainEmitter.swift */,
			);
			path = "New Classes";
			sourceTree = "<group>";
		};
		1C0494092292BF40005D0ABD /* Extensions */ = {
			isa = PBXGroup;
			children = (
				1C78A99322627B4F00436085 /* Extensions.swift */,
			);
			path = Extensions;
			sourceTree = "<group>";
		};
		1C78A955226247A000436085 = {
			isa = PBXGroup;
			children = (
				1C78A960226247A000436085 /* Make It Rain */,
				1C78A95F226247A000436085 /* Products */,
				7C6C8A8437836BFD82B62020 /* Pods */,
				3C1883510CF9491072E7AAD1 /* Frameworks */,
			);
			sourceTree = "<group>";
		};
		1C78A95F226247A000436085 /* Products */ = {
			isa = PBXGroup;
			children = (
				1C78A95E226247A000436085 /* Make It Rain.app */,
			);
			name = Products;
			sourceTree = "<group>";
		};
		1C78A960226247A000436085 /* Make It Rain */ = {
			isa = PBXGroup;
			children = (
				1C0494092292BF40005D0ABD /* Extensions */,
				1C0493FA227F8099005D0ABD /* New Classes */,
				1CC8C1E022779AF50058C6F6 /* Custom Subclasses */,
				1CC8C1DE22779A820058C6F6 /* Model */,
				1CC8C1DD22779A6A0058C6F6 /* Cells */,
				1CC4E47C226AA2C10084F229 /* View Controllers */,
				1CC8C1E122779B2E0058C6F6 /* Main and Extra */,
				1CC8C1DF22779AB40058C6F6 /* Assets */,
				1C78A995226290DA00436085 /* Fonts */,
			);
			path = "Make It Rain";
			sourceTree = "<group>";
		};
		1C78A995226290DA00436085 /* Fonts */ = {
			isa = PBXGroup;
			children = (
				1C69F9B5226396D100ECD4DF /* Cash_Currency.ttf */,
				1CC4E471226A307A0084F229 /* Money_Money.ttf */,
				1CC4E48122738C260084F229 /* Montserrat-Medium.ttf */,
			);
			path = Fonts;
			sourceTree = "<group>";
		};
		1CC4E47C226AA2C10084F229 /* View Controllers */ = {
			isa = PBXGroup;
			children = (
				1C049403228D6533005D0ABD /* AlertViewController.swift */,
				1CC8C1D9227799EE0058C6F6 /* MyCurrenciesTableViewController.swift */,
				1CC4E4872277793F0084F229 /* SideMenuTableViewController.swift */,
				1C14E436226534D700EB14C1 /* BanknoteViewController.swift */,
				1C78A963226247A000436085 /* SelectionViewController.swift */,
				1CAA740922B5AAA100DFAFF3 /* ShareVideoViewController.swift */,
				1CC4E47A226AA2BC0084F229 /* NewCurrencyViewController.swift */,
				1C0493FD227FF041005D0ABD /* AboutViewController.swift */,
				1CC4E47D226E1D4D0084F229 /* ARViewController.swift */,
			);
			path = "View Controllers";
			sourceTree = "<group>";
		};
		1CC8C1DD22779A6A0058C6F6 /* Cells */ = {
			isa = PBXGroup;
			children = (
				1CC8C1DB22779A600058C6F6 /* MyCurrencyTableViewCell.swift */,
				1CC4E469226575430084F229 /* BanknoteCell.swift */,
				1CC4E47F2270CA480084F229 /* ImageValueTableViewCell.swift */,
			);
			path = Cells;
			sourceTree = "<group>";
		};
		1CC8C1DE22779A820058C6F6 /* Model */ = {
			isa = PBXGroup;
			children = (
				1CC4E46D2266A4EC0084F229 /* Currency.swift */,
			);
			path = Model;
			sourceTree = "<group>";
		};
		1CC8C1DF22779AB40058C6F6 /* Assets */ = {
			isa = PBXGroup;
			children = (
				1CC4E46B22669D320084F229 /* Pound.xcassets */,
				1C78A968226247A200436085 /* Dollar.xcassets */,
				1C78A9982262A04A00436085 /* Euro.xcassets */,
				1CC4E478226A399B0084F229 /* Yuan.xcassets */,
				1C69F9B3226392DD00ECD4DF /* Media.xcassets */,
			);
			path = Assets;
			sourceTree = "<group>";
		};
		1CC8C1E022779AF50058C6F6 /* Custom Subclasses */ = {
			isa = PBXGroup;
			children = (
				1C049405228D690C005D0ABD /* PulsingBarButtonItem.swift */,
				1CAA740722B571E600DFAFF3 /* RecordButton.swift */,
				1C0493FF228C59EB005D0ABD /* CircularButton.swift */,
				1CC4E485227527D80084F229 /* TagTapGestureRecognizer.swift */,
				1CC4E48322738E170084F229 /* ActionButton.swift */,
				1C69F9B72264D28C00ECD4DF /* CashTextField.swift */,
			);
			path = "Custom Subclasses";
			sourceTree = "<group>";
		};
		1CC8C1E122779B2E0058C6F6 /* Main and Extra */ = {
			isa = PBXGroup;
			children = (
				1C78A961226247A000436085 /* AppDelegate.swift */,
				1C049401228D6504005D0ABD /* AlertStoryboard.storyboard */,
				1CC92ACF22D91B1B00C309FD /* Main.storyboard */,
				1C78A96A226247A200436085 /* LaunchScreen.storyboard */,
				1C78A96D226247A200436085 /* Info.plist */,
			);
			path = "Main and Extra";
			sourceTree = "<group>";
		};
		3C1883510CF9491072E7AAD1 /* Frameworks */ = {
			isa = PBXGroup;
			children = (
				0E45BAA6199BF452D4C87BA2 /* Pods_Make_It_Rain.framework */,
			);
			name = Frameworks;
			sourceTree = "<group>";
		};
		7C6C8A8437836BFD82B62020 /* Pods */ = {
			isa = PBXGroup;
			children = (
				B887E342C55E0B7E05D57DEE /* Pods-Make It Rain.debug.xcconfig */,
				86938FFEBBF3207770E3A81A /* Pods-Make It Rain.release.xcconfig */,
			);
			path = Pods;
			sourceTree = "<group>";
		};
/* End PBXGroup section */

/* Begin PBXNativeTarget section */
		1C78A95D226247A000436085 /* Make It Rain */ = {
			isa = PBXNativeTarget;
			buildConfigurationList = 1C78A970226247A200436085 /* Build configuration list for PBXNativeTarget "Make It Rain" */;
			buildPhases = (
				AAA61ABE68FF6839B91A7E19 /* [CP] Check Pods Manifest.lock */,
				1C78A95A226247A000436085 /* Sources */,
				1C78A95B226247A000436085 /* Frameworks */,
				1C78A95C226247A000436085 /* Resources */,
				00D6E2B8570CE9D9C02C4555 /* [CP] Embed Pods Frameworks */,
			);
			buildRules = (
			);
			dependencies = (
			);
			name = "Make It Rain";
			productName = "Make It Rain";
			productReference = 1C78A95E226247A000436085 /* Make It Rain.app */;
			productType = "com.apple.product-type.application";
		};
/* End PBXNativeTarget section */

/* Begin PBXProject section */
		1C78A956226247A000436085 /* Project object */ = {
			isa = PBXProject;
			attributes = {
				LastSwiftUpdateCheck = 1010;
				LastUpgradeCheck = 1010;
				ORGANIZATIONNAME = Timothy;
				TargetAttributes = {
					1C78A95D226247A000436085 = {
						CreatedOnToolsVersion = 10.1;
						LastSwiftMigration = 1020;
					};
				};
			};
			buildConfigurationList = 1C78A959226247A000436085 /* Build configuration list for PBXProject "Make It Rain" */;
			compatibilityVersion = "Xcode 9.3";
			developmentRegion = en;
			hasScannedForEncodings = 0;
			knownRegions = (
				en,
				Base,
			);
			mainGroup = 1C78A955226247A000436085;
			productRefGroup = 1C78A95F226247A000436085 /* Products */;
			projectDirPath = "";
			projectRoot = "";
			targets = (
				1C78A95D226247A000436085 /* Make It Rain */,
			);
		};
/* End PBXProject section */

/* Begin PBXResourcesBuildPhase section */
		1C78A95C226247A000436085 /* Resources */ = {
			isa = PBXResourcesBuildPhase;
			buildActionMask = 2147483647;
			files = (
				1CC4E479226A399B0084F229 /* Yuan.xcassets in Resources */,
				1C78A96C226247A200436085 /* LaunchScreen.storyboard in Resources */,
				1C78A9992262A04A00436085 /* Euro.xcassets in Resources */,
				1CC4E472226A310D0084F229 /* Money_Money.ttf in Resources */,
				1C049402228D6504005D0ABD /* AlertStoryboard.storyboard in Resources */,
				1CC92AD022D91B1B00C309FD /* Main.storyboard in Resources */,
				1C69F9B62263970A00ECD4DF /* Cash_Currency.ttf in Resources */,
				1C78A969226247A200436085 /* Dollar.xcassets in Resources */,
				1CC4E48222738C2D0084F229 /* Montserrat-Medium.ttf in Resources */,
				1CC4E46C22669D320084F229 /* Pound.xcassets in Resources */,
				1C69F9B4226392DD00ECD4DF /* Media.xcassets in Resources */,
			);
			runOnlyForDeploymentPostprocessing = 0;
		};
/* End PBXResourcesBuildPhase section */

/* Begin PBXShellScriptBuildPhase section */
		00D6E2B8570CE9D9C02C4555 /* [CP] Embed Pods Frameworks */ = {
			isa = PBXShellScriptBuildPhase;
			buildActionMask = 2147483647;
			files = (
			);
			inputFileListPaths = (
				"${PODS_ROOT}/Target Support Files/Pods-Make It Rain/Pods-Make It Rain-frameworks-${CONFIGURATION}-input-files.xcfilelist",
			);
			name = "[CP] Embed Pods Frameworks";
			outputFileListPaths = (
				"${PODS_ROOT}/Target Support Files/Pods-Make It Rain/Pods-Make It Rain-frameworks-${CONFIGURATION}-output-files.xcfilelist",
			);
			runOnlyForDeploymentPostprocessing = 0;
			shellPath = /bin/sh;
			shellScript = "\"${PODS_ROOT}/Target Support Files/Pods-Make It Rain/Pods-Make It Rain-frameworks.sh\"\n";
			showEnvVarsInLog = 0;
		};
		AAA61ABE68FF6839B91A7E19 /* [CP] Check Pods Manifest.lock */ = {
			isa = PBXShellScriptBuildPhase;
			buildActionMask = 2147483647;
			files = (
			);
			inputFileListPaths = (
			);
			inputPaths = (
				"${PODS_PODFILE_DIR_PATH}/Podfile.lock",
				"${PODS_ROOT}/Manifest.lock",
			);
			name = "[CP] Check Pods Manifest.lock";
			outputFileListPaths = (
			);
			outputPaths = (
				"$(DERIVED_FILE_DIR)/Pods-Make It Rain-checkManifestLockResult.txt",
			);
			runOnlyForDeploymentPostprocessing = 0;
			shellPath = /bin/sh;
			shellScript = "diff \"${PODS_PODFILE_DIR_PATH}/Podfile.lock\" \"${PODS_ROOT}/Manifest.lock\" > /dev/null\nif [ $? != 0 ] ; then\n    # print error to STDERR\n    echo \"error: The sandbox is not in sync with the Podfile.lock. Run 'pod install' or update your CocoaPods installation.\" >&2\n    exit 1\nfi\n# This output is used by Xcode 'outputs' to avoid re-running this script phase.\necho \"SUCCESS\" > \"${SCRIPT_OUTPUT_FILE_0}\"\n";
			showEnvVarsInLog = 0;
		};
/* End PBXShellScriptBuildPhase section */

/* Begin PBXSourcesBuildPhase section */
		1C78A95A226247A000436085 /* Sources */ = {
			isa = PBXSourcesBuildPhase;
			buildActionMask = 2147483647;
			files = (
				1CAA740A22B5AAA100DFAFF3 /* ShareVideoViewController.swift in Sources */,
				1CC4E486227527D80084F229 /* TagTapGestureRecognizer.swift in Sources */,
				1CC4E4882277793F0084F229 /* SideMenuTableViewController.swift in Sources */,
				1C0493FC227F80B4005D0ABD /* RainEmitter.swift in Sources */,
				1CC4E46E2266A4EC0084F229 /* Currency.swift in Sources */,
				1C049404228D6533005D0ABD /* AlertViewController.swift in Sources */,
				1C78A964226247A000436085 /* SelectionViewController.swift in Sources */,
				1CC8C1DA227799EE0058C6F6 /* MyCurrenciesTableViewController.swift in Sources */,
				1CC4E46A226575430084F229 /* BanknoteCell.swift in Sources */,
				1CC4E48422738E170084F229 /* ActionButton.swift in Sources */,
				1C049400228C59EB005D0ABD /* CircularButton.swift in Sources */,
				1CC4E4802270CA480084F229 /* ImageValueTableViewCell.swift in Sources */,
				1C0493FE227FF041005D0ABD /* AboutViewController.swift in Sources */,
				1CC4E47E226E1D4D0084F229 /* ARViewController.swift in Sources */,
				1C78A99422627B4F00436085 /* Extensions.swift in Sources */,
				1C69F9B82264D28C00ECD4DF /* CashTextField.swift in Sources */,
				1C78A962226247A000436085 /* AppDelegate.swift in Sources */,
				1CC4E47B226AA2BC0084F229 /* NewCurrencyViewController.swift in Sources */,
				1CAA740822B571E700DFAFF3 /* RecordButton.swift in Sources */,
				1CC8C1DC22779A600058C6F6 /* MyCurrencyTableViewCell.swift in Sources */,
				1C14E437226534D700EB14C1 /* BanknoteViewController.swift in Sources */,
				1C049406228D690C005D0ABD /* PulsingBarButtonItem.swift in Sources */,
			);
			runOnlyForDeploymentPostprocessing = 0;
		};
/* End PBXSourcesBuildPhase section */

/* Begin PBXVariantGroup section */
		1C78A96A226247A200436085 /* LaunchScreen.storyboard */ = {
			isa = PBXVariantGroup;
			children = (
				1C78A96B226247A200436085 /* Base */,
			);
			name = LaunchScreen.storyboard;
			sourceTree = "<group>";
		};
/* End PBXVariantGroup section */

/* Begin XCBuildConfiguration section */
		1C78A96E226247A200436085 /* Debug */ = {
			isa = XCBuildConfiguration;
			buildSettings = {
				ALWAYS_SEARCH_USER_PATHS = NO;
				CLANG_ANALYZER_NONNULL = YES;
				CLANG_ANALYZER_NUMBER_OBJECT_CONVERSION = YES_AGGRESSIVE;
				CLANG_CXX_LANGUAGE_STANDARD = "gnu++14";
				CLANG_CXX_LIBRARY = "libc++";
				CLANG_ENABLE_MODULES = YES;
				CLANG_ENABLE_OBJC_ARC = YES;
				CLANG_ENABLE_OBJC_WEAK = YES;
				CLANG_WARN_BLOCK_CAPTURE_AUTORELEASING = YES;
				CLANG_WARN_BOOL_CONVERSION = YES;
				CLANG_WARN_COMMA = YES;
				CLANG_WARN_CONSTANT_CONVERSION = YES;
				CLANG_WARN_DEPRECATED_OBJC_IMPLEMENTATIONS = YES;
				CLANG_WARN_DIRECT_OBJC_ISA_USAGE = YES_ERROR;
				CLANG_WARN_DOCUMENTATION_COMMENTS = YES;
				CLANG_WARN_EMPTY_BODY = YES;
				CLANG_WARN_ENUM_CONVERSION = YES;
				CLANG_WARN_INFINITE_RECURSION = YES;
				CLANG_WARN_INT_CONVERSION = YES;
				CLANG_WARN_NON_LITERAL_NULL_CONVERSION = YES;
				CLANG_WARN_OBJC_IMPLICIT_RETAIN_SELF = YES;
				CLANG_WARN_OBJC_LITERAL_CONVERSION = YES;
				CLANG_WARN_OBJC_ROOT_CLASS = YES_ERROR;
				CLANG_WARN_RANGE_LOOP_ANALYSIS = YES;
				CLANG_WARN_STRICT_PROTOTYPES = YES;
				CLANG_WARN_SUSPICIOUS_MOVE = YES;
				CLANG_WARN_UNGUARDED_AVAILABILITY = YES_AGGRESSIVE;
				CLANG_WARN_UNREACHABLE_CODE = YES;
				CLANG_WARN__DUPLICATE_METHOD_MATCH = YES;
				CODE_SIGN_IDENTITY = "iPhone Developer";
				COPY_PHASE_STRIP = NO;
				DEBUG_INFORMATION_FORMAT = dwarf;
				ENABLE_STRICT_OBJC_MSGSEND = YES;
				ENABLE_TESTABILITY = YES;
				GCC_C_LANGUAGE_STANDARD = gnu11;
				GCC_DYNAMIC_NO_PIC = NO;
				GCC_NO_COMMON_BLOCKS = YES;
				GCC_OPTIMIZATION_LEVEL = 0;
				GCC_PREPROCESSOR_DEFINITIONS = (
					"DEBUG=1",
					"$(inherited)",
				);
				GCC_WARN_64_TO_32_BIT_CONVERSION = YES;
				GCC_WARN_ABOUT_RETURN_TYPE = YES_ERROR;
				GCC_WARN_UNDECLARED_SELECTOR = YES;
				GCC_WARN_UNINITIALIZED_AUTOS = YES_AGGRESSIVE;
				GCC_WARN_UNUSED_FUNCTION = YES;
				GCC_WARN_UNUSED_VARIABLE = YES;
				IPHONEOS_DEPLOYMENT_TARGET = 12.1;
				MTL_ENABLE_DEBUG_INFO = INCLUDE_SOURCE;
				MTL_FAST_MATH = YES;
				ONLY_ACTIVE_ARCH = YES;
				SDKROOT = iphoneos;
				SWIFT_ACTIVE_COMPILATION_CONDITIONS = DEBUG;
				SWIFT_OPTIMIZATION_LEVEL = "-Onone";
			};
			name = Debug;
		};
		1C78A96F226247A200436085 /* Release */ = {
			isa = XCBuildConfiguration;
			buildSettings = {
				ALWAYS_SEARCH_USER_PATHS = NO;
				CLANG_ANALYZER_NONNULL = YES;
				CLANG_ANALYZER_NUMBER_OBJECT_CONVERSION = YES_AGGRESSIVE;
				CLANG_CXX_LANGUAGE_STANDARD = "gnu++14";
				CLANG_CXX_LIBRARY = "libc++";
				CLANG_ENABLE_MODULES = YES;
				CLANG_ENABLE_OBJC_ARC = YES;
				CLANG_ENABLE_OBJC_WEAK = YES;
				CLANG_WARN_BLOCK_CAPTURE_AUTORELEASING = YES;
				CLANG_WARN_BOOL_CONVERSION = YES;
				CLANG_WARN_COMMA = YES;
				CLANG_WARN_CONSTANT_CONVERSION = YES;
				CLANG_WARN_DEPRECATED_OBJC_IMPLEMENTATIONS = YES;
				CLANG_WARN_DIRECT_OBJC_ISA_USAGE = YES_ERROR;
				CLANG_WARN_DOCUMENTATION_COMMENTS = YES;
				CLANG_WARN_EMPTY_BODY = YES;
				CLANG_WARN_ENUM_CONVERSION = YES;
				CLANG_WARN_INFINITE_RECURSION = YES;
				CLANG_WARN_INT_CONVERSION = YES;
				CLANG_WARN_NON_LITERAL_NULL_CONVERSION = YES;
				CLANG_WARN_OBJC_IMPLICIT_RETAIN_SELF = YES;
				CLANG_WARN_OBJC_LITERAL_CONVERSION = YES;
				CLANG_WARN_OBJC_ROOT_CLASS = YES_ERROR;
				CLANG_WARN_RANGE_LOOP_ANALYSIS = YES;
				CLANG_WARN_STRICT_PROTOTYPES = YES;
				CLANG_WARN_SUSPICIOUS_MOVE = YES;
				CLANG_WARN_UNGUARDED_AVAILABILITY = YES_AGGRESSIVE;
				CLANG_WARN_UNREACHABLE_CODE = YES;
				CLANG_WARN__DUPLICATE_METHOD_MATCH = YES;
				CODE_SIGN_IDENTITY = "iPhone Developer";
				COPY_PHASE_STRIP = NO;
				DEBUG_INFORMATION_FORMAT = "dwarf-with-dsym";
				ENABLE_NS_ASSERTIONS = NO;
				ENABLE_STRICT_OBJC_MSGSEND = YES;
				GCC_C_LANGUAGE_STANDARD = gnu11;
				GCC_NO_COMMON_BLOCKS = YES;
				GCC_WARN_64_TO_32_BIT_CONVERSION = YES;
				GCC_WARN_ABOUT_RETURN_TYPE = YES_ERROR;
				GCC_WARN_UNDECLARED_SELECTOR = YES;
				GCC_WARN_UNINITIALIZED_AUTOS = YES_AGGRESSIVE;
				GCC_WARN_UNUSED_FUNCTION = YES;
				GCC_WARN_UNUSED_VARIABLE = YES;
				IPHONEOS_DEPLOYMENT_TARGET = 12.1;
				MTL_ENABLE_DEBUG_INFO = NO;
				MTL_FAST_MATH = YES;
				SDKROOT = iphoneos;
				SWIFT_COMPILATION_MODE = wholemodule;
				SWIFT_OPTIMIZATION_LEVEL = "-O";
				VALIDATE_PRODUCT = YES;
			};
			name = Release;
		};
		1C78A971226247A200436085 /* Debug */ = {
			isa = XCBuildConfiguration;
			baseConfigurationReference = B887E342C55E0B7E05D57DEE /* Pods-Make It Rain.debug.xcconfig */;
			buildSettings = {
				ASSETCATALOG_COMPILER_APPICON_NAME = AppIcon;
				CODE_SIGN_STYLE = Automatic;
				DEVELOPMENT_TEAM = 3Q7FL57GKN;
				INFOPLIST_FILE = "$(SRCROOT)/Make It Rain/Main and Extra/Info.plist";
				LD_RUNPATH_SEARCH_PATHS = (
					"$(inherited)",
					"@executable_path/Frameworks",
				);
				PRODUCT_BUNDLE_IDENTIFIER = "com.timothy.Make-It-Rain";
				PRODUCT_NAME = "$(TARGET_NAME)";
				SWIFT_VERSION = 5.0;
				TARGETED_DEVICE_FAMILY = "1,2";
			};
			name = Debug;
		};
		1C78A972226247A200436085 /* Release */ = {
			isa = XCBuildConfiguration;
			baseConfigurationReference = 86938FFEBBF3207770E3A81A /* Pods-Make It Rain.release.xcconfig */;
			buildSettings = {
				ASSETCATALOG_COMPILER_APPICON_NAME = AppIcon;
				CODE_SIGN_STYLE = Automatic;
				DEVELOPMENT_TEAM = 3Q7FL57GKN;
				INFOPLIST_FILE = "$(SRCROOT)/Make It Rain/Main and Extra/Info.plist";
				LD_RUNPATH_SEARCH_PATHS = (
					"$(inherited)",
					"@executable_path/Frameworks",
				);
				PRODUCT_BUNDLE_IDENTIFIER = "com.timothy.Make-It-Rain";
				PRODUCT_NAME = "$(TARGET_NAME)";
				SWIFT_VERSION = 5.0;
				TARGETED_DEVICE_FAMILY = "1,2";
			};
			name = Release;
		};
/* End XCBuildConfiguration section */

/* Begin XCConfigurationList section */
		1C78A959226247A000436085 /* Build configuration list for PBXProject "Make It Rain" */ = {
			isa = XCConfigurationList;
			buildConfigurations = (
				1C78A96E226247A200436085 /* Debug */,
				1C78A96F226247A200436085 /* Release */,
			);
			defaultConfigurationIsVisible = 0;
			defaultConfigurationName = Release;
		};
		1C78A970226247A200436085 /* Build configuration list for PBXNativeTarget "Make It Rain" */ = {
			isa = XCConfigurationList;
			buildConfigurations = (
				1C78A971226247A200436085 /* Debug */,
				1C78A972226247A200436085 /* Release */,
			);
			defaultConfigurationIsVisible = 0;
			defaultConfigurationName = Release;
		};
/* End XCConfigurationList section */
	};
	rootObject = 1C78A956226247A000436085 /* Project object */;
}
