PODS:
  - CenteredCollectionView (2.2.1)
  - HGCircularSlider (2.0.0)
  - SkyFloatingLabelTextField (3.6.0)

DEPENDENCIES:
  - CenteredCollectionView (~> 2.2.1)
  - HGCircularSlider (~> 2.0.0)
  - SkyFloatingLabelTextField (~> 3.6.0)

SPEC REPOS:
  https://github.com/cocoapods/specs.git:
    - CenteredCollectionView
    - HGCircularSlider
    - SkyFloatingLabelTextField

SPEC CHECKSUMS:
  CenteredCollectionView: ba6e45fb7774627890621d73c8dd7dbd33391da9
  HGCircularSlider: 92e2ee098c814709f455b8f46cd9008147f6a869
  SkyFloatingLabelTextField: 38164979b79512f9ff9288ad8acfc4bbf5d843e3

PODFILE CHECKSUM: 8f3fd45dcdc63dda28977f36db30382c7ed76797

COCOAPODS: 1.6.1
